
Microsoft Visual Studio Solution File, Format Version 12.00
# Visual Studio 2013
VisualStudioVersion = 12.0.31101.0
MinimumVisualStudioVersion = 10.0.40219.1
Project("{FAE04EC0-301F-11D3-BF4B-00C04F79EFBC}") = "ClownCrew.GitBitch.Client.Tests", "ClownCrew.GitBitch.Client.Tests\ClownCrew.GitBitch.Client.Tests.csproj", "{C2C406CD-80FC-4E81-A756-F295FA087FB2}"
EndProject
Project("{FAE04EC0-301F-11D3-BF4B-00C04F79EFBC}") = "ClownCrew.GitBitch.Client", "ClownCrew.GitBitch.Client\ClownCrew.GitBitch.Client.csproj", "{34406133-5381-4F6A-A09C-DC2EAA81EDCB}"
EndProject
Project("{2150E333-8FDC-42A3-9474-1A3956D46DE8}") = ".nuget", ".nuget", "{2AEC947A-524F-4F35-A38F-5584C2F51120}"
	ProjectSection(SolutionItems) = preProject
		.nuget\NuGet.Config = .nuget\NuGet.Config
		.nuget\NuGet.exe = .nuget\NuGet.exe
		.nuget\NuGet.targets = .nuget\NuGet.targets
	EndProjectSection
EndProject
Project("{2150E333-8FDC-42A3-9474-1A3956D46DE8}") = "Solution Items", "Solution Items", "{07AC5940-59A6-4320-93C5-09B9099E8664}"
	ProjectSection(SolutionItems) = preProject
		LICENSE = LICENSE
		README.md = README.md
	EndProjectSection
EndProject
Project("{2150E333-8FDC-42A3-9474-1A3956D46DE8}") = "Build", "Build", "{A1CC94B2-DBE3-453A-9E69-C43A32B2498C}"
	ProjectSection(SolutionItems) = preProject
		Build\AssemblyVersionInfo.cs = Build\AssemblyVersionInfo.cs
		Build\build.tasks = Build\build.tasks
		Build\ci.msbuild = Build\ci.msbuild
		Build\release.msbuild = Build\release.msbuild
	EndProjectSection
EndProject
Project("{2150E333-8FDC-42A3-9474-1A3956D46DE8}") = "chocolatey", "chocolatey", "{7F4AF0E6-AC20-4A59-A66F-7379086788C7}"
	ProjectSection(SolutionItems) = preProject
		chocolatey\ChocolateyInstall.ps1 = chocolatey\ChocolateyInstall.ps1
		chocolatey\GitBitch.nuspec = chocolatey\GitBitch.nuspec
	EndProjectSection
EndProject
Global
	GlobalSection(SolutionConfigurationPlatforms) = preSolution
		CI|Any CPU = CI|Any CPU
		Debug|Any CPU = Debug|Any CPU
		Release|Any CPU = Release|Any CPU
	EndGlobalSection
	GlobalSection(ProjectConfigurationPlatforms) = postSolution
		{C2C406CD-80FC-4E81-A756-F295FA087FB2}.CI|Any CPU.ActiveCfg = CI|Any CPU
		{C2C406CD-80FC-4E81-A756-F295FA087FB2}.CI|Any CPU.Build.0 = CI|Any CPU
		{C2C406CD-80FC-4E81-A756-F295FA087FB2}.Debug|Any CPU.ActiveCfg = Debug|Any CPU
		{C2C406CD-80FC-4E81-A756-F295FA087FB2}.Debug|Any CPU.Build.0 = Debug|Any CPU
		{C2C406CD-80FC-4E81-A756-F295FA087FB2}.Release|Any CPU.ActiveCfg = Release|Any CPU
		{C2C406CD-80FC-4E81-A756-F295FA087FB2}.Release|Any CPU.Build.0 = Release|Any CPU
		{34406133-5381-4F6A-A09C-DC2EAA81EDCB}.CI|Any CPU.ActiveCfg = CI|Any CPU
		{34406133-5381-4F6A-A09C-DC2EAA81EDCB}.CI|Any CPU.Build.0 = CI|Any CPU
		{34406133-5381-4F6A-A09C-DC2EAA81EDCB}.Debug|Any CPU.ActiveCfg = Debug|Any CPU
		{34406133-5381-4F6A-A09C-DC2EAA81EDCB}.Debug|Any CPU.Build.0 = Debug|Any CPU
		{34406133-5381-4F6A-A09C-DC2EAA81EDCB}.Release|Any CPU.ActiveCfg = Release|Any CPU
		{34406133-5381-4F6A-A09C-DC2EAA81EDCB}.Release|Any CPU.Build.0 = Release|Any CPU
	EndGlobalSection
	GlobalSection(SolutionProperties) = preSolution
		HideSolutionNode = FALSE
	EndGlobalSection
EndGlobal
